
Microsoft Visual Studio Solution File, Format Version 12.00
# Visual Studio Version 17
VisualStudioVersion = 17.3.32811.315
MinimumVisualStudioVersion = 10.0.40219.1
Project("{FAE04EC0-301F-11D3-BF4B-00C04F79EFBC}") = "AspNetMVCEgitimProjesi.NetFramework", "AspNetMVCEgitimProjesi.NetFramework\AspNetMVCEgitimProjesi.NetFramework.csproj", "{E13E84AB-4567-4C4E-B456-B68238717E57}"
EndProject
Project("{9A19103F-16F7-4668-BE54-9A1E7A4F7556}") = "AspNetMVCEgitimProjesi.NetCore", "AspNetMVCEgitimProjesi.NetCore\AspNetMVCEgitimProjesi.NetCore.csproj", "{E742AA6B-D295-4BA8-9813-BB8A5108AE7F}"
EndProject
Project("{9A19103F-16F7-4668-BE54-9A1E7A4F7556}") = "AspNetCoreMVCProjesi", "AspNetCoreMVCProjesi\AspNetCoreMVCProjesi.csproj", "{BEA932BA-FAF4-4161-A795-220BAA86F590}"
EndProject
Project("{9A19103F-16F7-4668-BE54-9A1E7A4F7556}") = "AspNetCoreWebAPI", "AspNetCoreWebAPI\AspNetCoreWebAPI.csproj", "{B1CDC054-C754-45C4-86A7-731041DBE063}"
EndProject
Project("{FAE04EC0-301F-11D3-BF4B-00C04F79EFBC}") = "AspNetCoreMVCWebAPIUsing", "AspNetCoreMVCWebAPIUsing\AspNetCoreMVCWebAPIUsing.csproj", "{8502C30E-4025-425C-9087-F6E4C9565C06}"
EndProject
Global
	GlobalSection(SolutionConfigurationPlatforms) = preSolution
		Debug|Any CPU = Debug|Any CPU
		Release|Any CPU = Release|Any CPU
	EndGlobalSection
	GlobalSection(ProjectConfigurationPlatforms) = postSolution
		{E13E84AB-4567-4C4E-B456-B68238717E57}.Debug|Any CPU.ActiveCfg = Debug|Any CPU
		{E13E84AB-4567-4C4E-B456-B68238717E57}.Debug|Any CPU.Build.0 = Debug|Any CPU
		{E13E84AB-4567-4C4E-B456-B68238717E57}.Release|Any CPU.ActiveCfg = Release|Any CPU
		{E13E84AB-4567-4C4E-B456-B68238717E57}.Release|Any CPU.Build.0 = Release|Any CPU
		{E742AA6B-D295-4BA8-9813-BB8A5108AE7F}.Debug|Any CPU.ActiveCfg = Debug|Any CPU
		{E742AA6B-D295-4BA8-9813-BB8A5108AE7F}.Debug|Any CPU.Build.0 = Debug|Any CPU
		{E742AA6B-D295-4BA8-9813-BB8A5108AE7F}.Release|Any CPU.ActiveCfg = Release|Any CPU
		{E742AA6B-D295-4BA8-9813-BB8A5108AE7F}.Release|Any CPU.Build.0 = Release|Any CPU
		{BEA932BA-FAF4-4161-A795-220BAA86F590}.Debug|Any CPU.ActiveCfg = Debug|Any CPU
		{BEA932BA-FAF4-4161-A795-220BAA86F590}.Debug|Any CPU.Build.0 = Debug|Any CPU
		{BEA932BA-FAF4-4161-A795-220BAA86F590}.Release|Any CPU.ActiveCfg = Release|Any CPU
		{BEA932BA-FAF4-4161-A795-220BAA86F590}.Release|Any CPU.Build.0 = Release|Any CPU
		{B1CDC054-C754-45C4-86A7-731041DBE063}.Debug|Any CPU.ActiveCfg = Debug|Any CPU
		{B1CDC054-C754-45C4-86A7-731041DBE063}.Debug|Any CPU.Build.0 = Debug|Any CPU
		{B1CDC054-C754-45C4-86A7-731041DBE063}.Release|Any CPU.ActiveCfg = Release|Any CPU
		{B1CDC054-C754-45C4-86A7-731041DBE063}.Release|Any CPU.Build.0 = Release|Any CPU
		{8502C30E-4025-425C-9087-F6E4C9565C06}.Debug|Any CPU.ActiveCfg = Debug|Any CPU
		{8502C30E-4025-425C-9087-F6E4C9565C06}.Debug|Any CPU.Build.0 = Debug|Any CPU
		{8502C30E-4025-425C-9087-F6E4C9565C06}.Release|Any CPU.ActiveCfg = Release|Any CPU
		{8502C30E-4025-425C-9087-F6E4C9565C06}.Release|Any CPU.Build.0 = Release|Any CPU
	EndGlobalSection
	GlobalSection(SolutionProperties) = preSolution
		HideSolutionNode = FALSE
	EndGlobalSection
	GlobalSection(ExtensibilityGlobals) = postSolution
		SolutionGuid = {57ABCF8C-3B47-46B4-833D-8083F8F090B8}
	EndGlobalSection
EndGlobal
