
Microsoft Visual Studio Solution File, Format Version 12.00
# Visual Studio Version 17
VisualStudioVersion = 17.3.32811.315
MinimumVisualStudioVersion = 10.0.40219.1
Project("{FAE04EC0-301F-11D3-BF4B-00C04F79EFBC}") = "AspNetFrameworkMVCEgitimKonulari", "AspNetMVCEgitimProjesi.NetFramework\AspNetFrameworkMVCEgitimKonulari.csproj", "{E13E84AB-4567-4C4E-B456-B68238717E57}"
EndProject
Project("{9A19103F-16F7-4668-BE54-9A1E7A4F7556}") = "AspNetCoreMVCEgitimKonulari", "AspNetMVCEgitimProjesi.NetCore\AspNetCoreMVCEgitimKonulari.csproj", "{E742AA6B-D295-4BA8-9813-BB8A5108AE7F}"
EndProject
Project("{9A19103F-16F7-4668-BE54-9A1E7A4F7556}") = "AspNetCore.MVCUI", "AspNetCoreMVCProjesi\AspNetCore.MVCUI.csproj", "{BEA932BA-FAF4-4161-A795-220BAA86F590}"
EndProject
Project("{9A19103F-16F7-4668-BE54-9A1E7A4F7556}") = "AspNetCore.WebAPI", "AspNetCoreWebAPI\AspNetCore.WebAPI.csproj", "{B1CDC054-C754-45C4-86A7-731041DBE063}"
EndProject
Project("{FAE04EC0-301F-11D3-BF4B-00C04F79EFBC}") = "AspNetFrameworkMVCWebAPI", "AspNetMVCWebAPI.NetFramework\AspNetFrameworkMVCWebAPI.csproj", "{46FDC126-70C2-4D76-83D3-7BAC73B9E205}"
EndProject
Project("{FAE04EC0-301F-11D3-BF4B-00C04F79EFBC}") = "AspNetFramework.Entities", "AspNetFramework.Entities\AspNetFramework.Entities.csproj", "{EA04EB5F-1D0F-4292-B285-212CF86E76F4}"
EndProject
Project("{9A19103F-16F7-4668-BE54-9A1E7A4F7556}") = "AspNetCore.Entities", "AspNeCore.Entities\AspNetCore.Entities.csproj", "{E6BF39F1-188F-47CB-AAEB-AA5535C07C47}"
EndProject
Project("{9A19103F-16F7-4668-BE54-9A1E7A4F7556}") = "AspNetCore.MVCWebAPIUsing", "AspNetCoreMVCWebAPIUsing\AspNetCore.MVCWebAPIUsing.csproj", "{AC50A1F5-3777-47FD-8C17-0AEEEAFCC1FA}"
EndProject
Project("{9A19103F-16F7-4668-BE54-9A1E7A4F7556}") = "AspNetCore.Data", "AspNetCore.Data\AspNetCore.Data.csproj", "{CD4F41C8-0C2A-45AA-88D4-CCFAC7C8B3A0}"
EndProject
Project("{9A19103F-16F7-4668-BE54-9A1E7A4F7556}") = "AspNetCore.Service", "AspNetCore.Service\AspNetCore.Service.csproj", "{819F2EE2-3211-4AAE-8903-53EE39C497BF}"
EndProject
Project("{2150E333-8FDC-42A3-9474-1A3956D46DE8}") = "AspNetCoreKatmanliProje", "AspNetCoreKatmanliProje", "{2D545843-229F-4F6C-8016-4A6DA2E01621}"
EndProject
Global
	GlobalSection(SolutionConfigurationPlatforms) = preSolution
		Debug|Any CPU = Debug|Any CPU
		Release|Any CPU = Release|Any CPU
	EndGlobalSection
	GlobalSection(ProjectConfigurationPlatforms) = postSolution
		{E13E84AB-4567-4C4E-B456-B68238717E57}.Debug|Any CPU.ActiveCfg = Debug|Any CPU
		{E13E84AB-4567-4C4E-B456-B68238717E57}.Debug|Any CPU.Build.0 = Debug|Any CPU
		{E13E84AB-4567-4C4E-B456-B68238717E57}.Release|Any CPU.ActiveCfg = Release|Any CPU
		{E13E84AB-4567-4C4E-B456-B68238717E57}.Release|Any CPU.Build.0 = Release|Any CPU
		{E742AA6B-D295-4BA8-9813-BB8A5108AE7F}.Debug|Any CPU.ActiveCfg = Debug|Any CPU
		{E742AA6B-D295-4BA8-9813-BB8A5108AE7F}.Debug|Any CPU.Build.0 = Debug|Any CPU
		{E742AA6B-D295-4BA8-9813-BB8A5108AE7F}.Release|Any CPU.ActiveCfg = Release|Any CPU
		{E742AA6B-D295-4BA8-9813-BB8A5108AE7F}.Release|Any CPU.Build.0 = Release|Any CPU
		{BEA932BA-FAF4-4161-A795-220BAA86F590}.Debug|Any CPU.ActiveCfg = Debug|Any CPU
		{BEA932BA-FAF4-4161-A795-220BAA86F590}.Debug|Any CPU.Build.0 = Debug|Any CPU
		{BEA932BA-FAF4-4161-A795-220BAA86F590}.Release|Any CPU.ActiveCfg = Release|Any CPU
		{BEA932BA-FAF4-4161-A795-220BAA86F590}.Release|Any CPU.Build.0 = Release|Any CPU
		{B1CDC054-C754-45C4-86A7-731041DBE063}.Debug|Any CPU.ActiveCfg = Debug|Any CPU
		{B1CDC054-C754-45C4-86A7-731041DBE063}.Debug|Any CPU.Build.0 = Debug|Any CPU
		{B1CDC054-C754-45C4-86A7-731041DBE063}.Release|Any CPU.ActiveCfg = Release|Any CPU
		{B1CDC054-C754-45C4-86A7-731041DBE063}.Release|Any CPU.Build.0 = Release|Any CPU
		{46FDC126-70C2-4D76-83D3-7BAC73B9E205}.Debug|Any CPU.ActiveCfg = Debug|Any CPU
		{46FDC126-70C2-4D76-83D3-7BAC73B9E205}.Debug|Any CPU.Build.0 = Debug|Any CPU
		{46FDC126-70C2-4D76-83D3-7BAC73B9E205}.Release|Any CPU.ActiveCfg = Release|Any CPU
		{46FDC126-70C2-4D76-83D3-7BAC73B9E205}.Release|Any CPU.Build.0 = Release|Any CPU
		{EA04EB5F-1D0F-4292-B285-212CF86E76F4}.Debug|Any CPU.ActiveCfg = Debug|Any CPU
		{EA04EB5F-1D0F-4292-B285-212CF86E76F4}.Debug|Any CPU.Build.0 = Debug|Any CPU
		{EA04EB5F-1D0F-4292-B285-212CF86E76F4}.Release|Any CPU.ActiveCfg = Release|Any CPU
		{EA04EB5F-1D0F-4292-B285-212CF86E76F4}.Release|Any CPU.Build.0 = Release|Any CPU
		{E6BF39F1-188F-47CB-AAEB-AA5535C07C47}.Debug|Any CPU.ActiveCfg = Debug|Any CPU
		{E6BF39F1-188F-47CB-AAEB-AA5535C07C47}.Debug|Any CPU.Build.0 = Debug|Any CPU
		{E6BF39F1-188F-47CB-AAEB-AA5535C07C47}.Release|Any CPU.ActiveCfg = Release|Any CPU
		{E6BF39F1-188F-47CB-AAEB-AA5535C07C47}.Release|Any CPU.Build.0 = Release|Any CPU
		{AC50A1F5-3777-47FD-8C17-0AEEEAFCC1FA}.Debug|Any CPU.ActiveCfg = Debug|Any CPU
		{AC50A1F5-3777-47FD-8C17-0AEEEAFCC1FA}.Debug|Any CPU.Build.0 = Debug|Any CPU
		{AC50A1F5-3777-47FD-8C17-0AEEEAFCC1FA}.Release|Any CPU.ActiveCfg = Release|Any CPU
		{AC50A1F5-3777-47FD-8C17-0AEEEAFCC1FA}.Release|Any CPU.Build.0 = Release|Any CPU
		{CD4F41C8-0C2A-45AA-88D4-CCFAC7C8B3A0}.Debug|Any CPU.ActiveCfg = Debug|Any CPU
		{CD4F41C8-0C2A-45AA-88D4-CCFAC7C8B3A0}.Debug|Any CPU.Build.0 = Debug|Any CPU
		{CD4F41C8-0C2A-45AA-88D4-CCFAC7C8B3A0}.Release|Any CPU.ActiveCfg = Release|Any CPU
		{CD4F41C8-0C2A-45AA-88D4-CCFAC7C8B3A0}.Release|Any CPU.Build.0 = Release|Any CPU
		{819F2EE2-3211-4AAE-8903-53EE39C497BF}.Debug|Any CPU.ActiveCfg = Debug|Any CPU
		{819F2EE2-3211-4AAE-8903-53EE39C497BF}.Debug|Any CPU.Build.0 = Debug|Any CPU
		{819F2EE2-3211-4AAE-8903-53EE39C497BF}.Release|Any CPU.ActiveCfg = Release|Any CPU
		{819F2EE2-3211-4AAE-8903-53EE39C497BF}.Release|Any CPU.Build.0 = Release|Any CPU
	EndGlobalSection
	GlobalSection(SolutionProperties) = preSolution
		HideSolutionNode = FALSE
	EndGlobalSection
	GlobalSection(NestedProjects) = preSolution
		{BEA932BA-FAF4-4161-A795-220BAA86F590} = {2D545843-229F-4F6C-8016-4A6DA2E01621}
		{B1CDC054-C754-45C4-86A7-731041DBE063} = {2D545843-229F-4F6C-8016-4A6DA2E01621}
		{E6BF39F1-188F-47CB-AAEB-AA5535C07C47} = {2D545843-229F-4F6C-8016-4A6DA2E01621}
		{AC50A1F5-3777-47FD-8C17-0AEEEAFCC1FA} = {2D545843-229F-4F6C-8016-4A6DA2E01621}
		{CD4F41C8-0C2A-45AA-88D4-CCFAC7C8B3A0} = {2D545843-229F-4F6C-8016-4A6DA2E01621}
		{819F2EE2-3211-4AAE-8903-53EE39C497BF} = {2D545843-229F-4F6C-8016-4A6DA2E01621}
	EndGlobalSection
	GlobalSection(ExtensibilityGlobals) = postSolution
		SolutionGuid = {57ABCF8C-3B47-46B4-833D-8083F8F090B8}
	EndGlobalSection
EndGlobal
