
Microsoft Visual Studio Solution File, Format Version 12.00
# Visual Studio Version 17
VisualStudioVersion = 17.3.32811.315
MinimumVisualStudioVersion = 10.0.40219.1
Project("{FAE04EC0-301F-11D3-BF4B-00C04F79EFBC}") = "AspNetFrameworkMVCEgitimKonulari", "AspNetMVCEgitimProjesi.NetFramework\AspNetFrameworkMVCEgitimKonulari.csproj", "{E13E84AB-4567-4C4E-B456-B68238717E57}"
EndProject
Project("{9A19103F-16F7-4668-BE54-9A1E7A4F7556}") = "AspNetCoreMVCEgitimKonulari", "AspNetMVCEgitimProjesi.NetCore\AspNetCoreMVCEgitimKonulari.csproj", "{E742AA6B-D295-4BA8-9813-BB8A5108AE7F}"
EndProject
Project("{FAE04EC0-301F-11D3-BF4B-00C04F79EFBC}") = "AspNetFrameworkMVCWebAPI", "AspNetMVCWebAPI.NetFramework\AspNetFrameworkMVCWebAPI.csproj", "{46FDC126-70C2-4D76-83D3-7BAC73B9E205}"
EndProject
Project("{FAE04EC0-301F-11D3-BF4B-00C04F79EFBC}") = "AspNetFramework.Entities", "AspNetFramework.Entities\AspNetFramework.Entities.csproj", "{EA04EB5F-1D0F-4292-B285-212CF86E76F4}"
EndProject
Project("{FAE04EC0-301F-11D3-BF4B-00C04F79EFBC}") = "AspNetCoreWebAPI", "AspNetCoreWebAPI\AspNetCoreWebAPI.csproj", "{F3C3FE8A-DBE8-4806-930F-D32C3D3B06F5}"
EndProject
Global
	GlobalSection(SolutionConfigurationPlatforms) = preSolution
		Debug|Any CPU = Debug|Any CPU
		Release|Any CPU = Release|Any CPU
	EndGlobalSection
	GlobalSection(ProjectConfigurationPlatforms) = postSolution
		{E13E84AB-4567-4C4E-B456-B68238717E57}.Debug|Any CPU.ActiveCfg = Debug|Any CPU
		{E13E84AB-4567-4C4E-B456-B68238717E57}.Debug|Any CPU.Build.0 = Debug|Any CPU
		{E13E84AB-4567-4C4E-B456-B68238717E57}.Release|Any CPU.ActiveCfg = Release|Any CPU
		{E13E84AB-4567-4C4E-B456-B68238717E57}.Release|Any CPU.Build.0 = Release|Any CPU
		{E742AA6B-D295-4BA8-9813-BB8A5108AE7F}.Debug|Any CPU.ActiveCfg = Debug|Any CPU
		{E742AA6B-D295-4BA8-9813-BB8A5108AE7F}.Debug|Any CPU.Build.0 = Debug|Any CPU
		{E742AA6B-D295-4BA8-9813-BB8A5108AE7F}.Release|Any CPU.ActiveCfg = Release|Any CPU
		{E742AA6B-D295-4BA8-9813-BB8A5108AE7F}.Release|Any CPU.Build.0 = Release|Any CPU
		{46FDC126-70C2-4D76-83D3-7BAC73B9E205}.Debug|Any CPU.ActiveCfg = Debug|Any CPU
		{46FDC126-70C2-4D76-83D3-7BAC73B9E205}.Debug|Any CPU.Build.0 = Debug|Any CPU
		{46FDC126-70C2-4D76-83D3-7BAC73B9E205}.Release|Any CPU.ActiveCfg = Release|Any CPU
		{46FDC126-70C2-4D76-83D3-7BAC73B9E205}.Release|Any CPU.Build.0 = Release|Any CPU
		{EA04EB5F-1D0F-4292-B285-212CF86E76F4}.Debug|Any CPU.ActiveCfg = Debug|Any CPU
		{EA04EB5F-1D0F-4292-B285-212CF86E76F4}.Debug|Any CPU.Build.0 = Debug|Any CPU
		{EA04EB5F-1D0F-4292-B285-212CF86E76F4}.Release|Any CPU.ActiveCfg = Release|Any CPU
		{EA04EB5F-1D0F-4292-B285-212CF86E76F4}.Release|Any CPU.Build.0 = Release|Any CPU
		{F3C3FE8A-DBE8-4806-930F-D32C3D3B06F5}.Debug|Any CPU.ActiveCfg = Debug|Any CPU
		{F3C3FE8A-DBE8-4806-930F-D32C3D3B06F5}.Debug|Any CPU.Build.0 = Debug|Any CPU
		{F3C3FE8A-DBE8-4806-930F-D32C3D3B06F5}.Release|Any CPU.ActiveCfg = Release|Any CPU
		{F3C3FE8A-DBE8-4806-930F-D32C3D3B06F5}.Release|Any CPU.Build.0 = Release|Any CPU
	EndGlobalSection
	GlobalSection(SolutionProperties) = preSolution
		HideSolutionNode = FALSE
	EndGlobalSection
	GlobalSection(ExtensibilityGlobals) = postSolution
		SolutionGuid = {57ABCF8C-3B47-46B4-833D-8083F8F090B8}
	EndGlobalSection
EndGlobal
